
Microsoft Visual Studio Solution File, Format Version 12.00
# Visual Studio Version 17
VisualStudioVersion = 17.4.33122.133
MinimumVisualStudioVersion = 10.0.40219.1
Project("{FAE04EC0-301F-11D3-BF4B-00C04F79EFBC}") = "EvaluationTestRomains", "EvaluationTestRomains\EvaluationTestRomains.csproj", "{4CD2CE77-D776-43A2-9B63-292C04FC976A}"
EndProject
Project("{FAE04EC0-301F-11D3-BF4B-00C04F79EFBC}") = "NombreRomainsTest", "NombreRomainsTest\NombreRomainsTest.csproj", "{1B58740C-B115-4B9E-9AB4-C1D9FEF65829}"
EndProject
Global
	GlobalSection(SolutionConfigurationPlatforms) = preSolution
		Debug|Any CPU = Debug|Any CPU
		Release|Any CPU = Release|Any CPU
	EndGlobalSection
	GlobalSection(ProjectConfigurationPlatforms) = postSolution
		{4CD2CE77-D776-43A2-9B63-292C04FC976A}.Debug|Any CPU.ActiveCfg = Debug|Any CPU
		{4CD2CE77-D776-43A2-9B63-292C04FC976A}.Debug|Any CPU.Build.0 = Debug|Any CPU
		{4CD2CE77-D776-43A2-9B63-292C04FC976A}.Release|Any CPU.ActiveCfg = Release|Any CPU
		{4CD2CE77-D776-43A2-9B63-292C04FC976A}.Release|Any CPU.Build.0 = Release|Any CPU
		{1B58740C-B115-4B9E-9AB4-C1D9FEF65829}.Debug|Any CPU.ActiveCfg = Debug|Any CPU
		{1B58740C-B115-4B9E-9AB4-C1D9FEF65829}.Debug|Any CPU.Build.0 = Debug|Any CPU
		{1B58740C-B115-4B9E-9AB4-C1D9FEF65829}.Release|Any CPU.ActiveCfg = Release|Any CPU
		{1B58740C-B115-4B9E-9AB4-C1D9FEF65829}.Release|Any CPU.Build.0 = Release|Any CPU
	EndGlobalSection
	GlobalSection(SolutionProperties) = preSolution
		HideSolutionNode = FALSE
	EndGlobalSection
	GlobalSection(ExtensibilityGlobals) = postSolution
		SolutionGuid = {ED942AC9-8000-4190-8348-2F531FDEEE92}
	EndGlobalSection
EndGlobal
